
Microsoft Visual Studio Solution File, Format Version 12.00
# Visual Studio Version 17
VisualStudioVersion = 17.6.33723.286
MinimumVisualStudioVersion = 10.0.40219.1
Project("{9A19103F-16F7-4668-BE54-9A1E7A4F7556}") = "DataAccess", "DataAccess\DataAccess.csproj", "{504EDFBE-F9CC-45C5-81EC-50BD2CB8B6BA}"
EndProject
Project("{9A19103F-16F7-4668-BE54-9A1E7A4F7556}") = "Business", "Business\Business.csproj", "{0801A213-0591-4125-8F01-2CDD632EF83B}"
EndProject
Project("{9A19103F-16F7-4668-BE54-9A1E7A4F7556}") = "Entities", "Entities\Entities.csproj", "{48DA8E27-ACB8-4532-8615-BA2A9A5DAC2F}"
EndProject
Project("{9A19103F-16F7-4668-BE54-9A1E7A4F7556}") = "ConsoleUI", "ConsoleUI\ConsoleUI.csproj", "{03AF45DA-0E45-481A-B48E-C64B55CA3C24}"
EndProject
Project("{FAE04EC0-301F-11D3-BF4B-00C04F79EFBC}") = "Core", "Core\Core.csproj", "{A6FEA28B-3529-42DF-B941-240DF29AE7A8}"
EndProject
Global
	GlobalSection(SolutionConfigurationPlatforms) = preSolution
		Debug|Any CPU = Debug|Any CPU
		Release|Any CPU = Release|Any CPU
	EndGlobalSection
	GlobalSection(ProjectConfigurationPlatforms) = postSolution
		{504EDFBE-F9CC-45C5-81EC-50BD2CB8B6BA}.Debug|Any CPU.ActiveCfg = Debug|Any CPU
		{504EDFBE-F9CC-45C5-81EC-50BD2CB8B6BA}.Debug|Any CPU.Build.0 = Debug|Any CPU
		{504EDFBE-F9CC-45C5-81EC-50BD2CB8B6BA}.Release|Any CPU.ActiveCfg = Release|Any CPU
		{504EDFBE-F9CC-45C5-81EC-50BD2CB8B6BA}.Release|Any CPU.Build.0 = Release|Any CPU
		{0801A213-0591-4125-8F01-2CDD632EF83B}.Debug|Any CPU.ActiveCfg = Debug|Any CPU
		{0801A213-0591-4125-8F01-2CDD632EF83B}.Debug|Any CPU.Build.0 = Debug|Any CPU
		{0801A213-0591-4125-8F01-2CDD632EF83B}.Release|Any CPU.ActiveCfg = Release|Any CPU
		{0801A213-0591-4125-8F01-2CDD632EF83B}.Release|Any CPU.Build.0 = Release|Any CPU
		{48DA8E27-ACB8-4532-8615-BA2A9A5DAC2F}.Debug|Any CPU.ActiveCfg = Debug|Any CPU
		{48DA8E27-ACB8-4532-8615-BA2A9A5DAC2F}.Debug|Any CPU.Build.0 = Debug|Any CPU
		{48DA8E27-ACB8-4532-8615-BA2A9A5DAC2F}.Release|Any CPU.ActiveCfg = Release|Any CPU
		{48DA8E27-ACB8-4532-8615-BA2A9A5DAC2F}.Release|Any CPU.Build.0 = Release|Any CPU
		{03AF45DA-0E45-481A-B48E-C64B55CA3C24}.Debug|Any CPU.ActiveCfg = Debug|Any CPU
		{03AF45DA-0E45-481A-B48E-C64B55CA3C24}.Debug|Any CPU.Build.0 = Debug|Any CPU
		{03AF45DA-0E45-481A-B48E-C64B55CA3C24}.Release|Any CPU.ActiveCfg = Release|Any CPU
		{03AF45DA-0E45-481A-B48E-C64B55CA3C24}.Release|Any CPU.Build.0 = Release|Any CPU
		{A6FEA28B-3529-42DF-B941-240DF29AE7A8}.Debug|Any CPU.ActiveCfg = Debug|Any CPU
		{A6FEA28B-3529-42DF-B941-240DF29AE7A8}.Debug|Any CPU.Build.0 = Debug|Any CPU
		{A6FEA28B-3529-42DF-B941-240DF29AE7A8}.Release|Any CPU.ActiveCfg = Release|Any CPU
		{A6FEA28B-3529-42DF-B941-240DF29AE7A8}.Release|Any CPU.Build.0 = Release|Any CPU
	EndGlobalSection
	GlobalSection(SolutionProperties) = preSolution
		HideSolutionNode = FALSE
	EndGlobalSection
	GlobalSection(ExtensibilityGlobals) = postSolution
		SolutionGuid = {29E6B6A3-C4FC-4F82-B888-2E118FFFF592}
	EndGlobalSection
EndGlobal
